PODS:
  - MetalPetal (1.0):
    - MetalPetal/Core (= 1.0)
  - MetalPetal/Core (1.0)
  - MetalPetal/Swift (1.0):
    - MetalPetal/Core

DEPENDENCIES:
  - MetalPetal (from `Frameworks/MetalPetal`)
  - MetalPetal/Swift (from `Frameworks/MetalPetal`)

EXTERNAL SOURCES:
  MetalPetal:
    :path: Frameworks/MetalPetal

SPEC CHECKSUMS:
  MetalPetal: e3140823f72d4c892db8784e8f22b957d0ad36e9

PODFILE CHECKSUM: 6321f1c5ebc71202e4827c3cf994f7d4b2f79bb8

COCOAPODS: 1.2.1
