PODS:
  - MetalPetal (1.0):
    - MetalPetal/Core (= 1.0)
  - MetalPetal/AppleSilicon (1.0):
    - MetalPetal/Core
  - MetalPetal/Core (1.0)
  - MetalPetal/Swift (1.0):
    - MetalPetal/Core

DEPENDENCIES:
  - MetalPetal (from `Frameworks/MetalPetal`)
  - MetalPetal/AppleSilicon (from `Frameworks/MetalPetal`)
  - MetalPetal/Swift (from `Frameworks/MetalPetal`)

EXTERNAL SOURCES:
  MetalPetal:
    :path: Frameworks/MetalPetal

SPEC CHECKSUMS:
  MetalPetal: a1a4ac23acc651562db767228e600cbb18de0eca

PODFILE CHECKSUM: a14a188d4ff582d897a01d8477bac19e57c1608f

COCOAPODS: 1.10.1
