PODS:
  - MetalPetal (1.0):
    - MetalPetal/Core (= 1.0)
  - MetalPetal/Core (1.0)
  - MetalPetal/Swift (1.0):
    - MetalPetal/Core

DEPENDENCIES:
  - MetalPetal (from `Frameworks/MetalPetal`)
  - MetalPetal/Swift (from `Frameworks/MetalPetal`)

EXTERNAL SOURCES:
  MetalPetal:
    :path: Frameworks/MetalPetal

SPEC CHECKSUMS:
  MetalPetal: bf5ad760977874e1d4e649c150ee530671a4ca5f

PODFILE CHECKSUM: 684002c5f5d5b269ba2538f4c8e611a190027f0f

COCOAPODS: 1.5.3
