{
  "object": {
    "pins": [
      {
        "package": "SIMDType",
        "repositoryURL": "https://github.com/MetalPetal/SIMDType.git",
        "state": {
          "branch": null,
          "revision": "1232b6a7ab70a07d26dd2f9acc8505d4193b384b",
          "version": "0.0.2"
        }
      },
      {
        "package": "swift-argument-parser",
        "repositoryURL": "https://github.com/apple/swift-argument-parser",
        "state": {
          "branch": null,
          "revision": "8d31a0905c346a45c87773ad50862b5b3df8dff6",
          "version": "0.0.4"
        }
      }
    ]
  },
  "version": 1
}
