{
  "object": {
    "pins": [
      {
        "package": "SIMDType",
        "repositoryURL": "https://github.com/MetalPetal/SIMDType.git",
        "state": {
          "branch": "master",
          "revision": "707ea53ee6142023e2d83490a64212a10c94f3b1",
          "version": null
        }
      },
      {
        "package": "swift-argument-parser",
        "repositoryURL": "https://github.com/apple/swift-argument-parser",
        "state": {
          "branch": null,
          "revision": "35b76bf577d3cc74820f8991894ce3bcdf024ddc",
          "version": "0.0.2"
        }
      }
    ]
  },
  "version": 1
}
