// !$*UTF8*$!
{
	archiveVersion = 1;
	classes = {
	};
	objectVersion = 52;
	objects = {

/* Begin PBXBuildFile section */
		06461E27239A43E200D5F588 /* ChainableAPIViewController.swift in Sources */ = {isa = PBXBuildFile; fileRef = 06461E26239A43E200D5F588 /* ChainableAPIViewController.swift */; };
		06A3200E23AB8AD600A5EA59 /* Alert.swift in Sources */ = {isa = PBXBuildFile; fileRef = 06A3200D23AB8AD600A5EA59 /* Alert.swift */; };
		06BC557A23AB43350098C308 /* VideoProcessorViewController.swift in Sources */ = {isa = PBXBuildFile; fileRef = 06BC557923AB43350098C308 /* VideoProcessorViewController.swift */; };
		06D7F6CA22228C0400B02D3D /* art.scnassets in Resources */ = {isa = PBXBuildFile; fileRef = 06D7F6C922228C0400B02D3D /* art.scnassets */; };
		06D7F6CC22228C1800B02D3D /* SceneKitViewController.swift in Sources */ = {isa = PBXBuildFile; fileRef = 06D7F6CB22228C1800B02D3D /* SceneKitViewController.swift */; };
		06F9F6CC21FC389B00AD9955 /* TripleBufferingViewController.swift in Sources */ = {isa = PBXBuildFile; fileRef = 06F9F6CB21FC389B00AD9955 /* TripleBufferingViewController.swift */; };
		06F9F6CE21FC3A4800AD9955 /* Shaders.metal in Sources */ = {isa = PBXBuildFile; fileRef = 06F9F6CD21FC3A4800AD9955 /* Shaders.metal */; };
		7A35DF9C9E924BD93DCE1706 /* Pods_MetalPetalDemo.framework in Frameworks */ = {isa = PBXBuildFile; fileRef = 0D6DB7180D5EAD8BDBE12762 /* Pods_MetalPetalDemo.framework */; };
		9D3928B41EFF678800BA6B09 /* ImageRendererViewController.m in Sources */ = {isa = PBXBuildFile; fileRef = 9D3928B31EFF678800BA6B09 /* ImageRendererViewController.m */; };
		9D3928B71EFF678800BA6B09 /* Main.storyboard in Resources */ = {isa = PBXBuildFile; fileRef = 9D3928B51EFF678800BA6B09 /* Main.storyboard */; };
		9D3928B91EFF678800BA6B09 /* Assets.xcassets in Resources */ = {isa = PBXBuildFile; fileRef = 9D3928B81EFF678800BA6B09 /* Assets.xcassets */; };
		9D3928BC1EFF678800BA6B09 /* LaunchScreen.storyboard in Resources */ = {isa = PBXBuildFile; fileRef = 9D3928BA1EFF678800BA6B09 /* LaunchScreen.storyboard */; };
		9D7933A61F07A50B00135D46 /* P1040808.jpg in Resources */ = {isa = PBXBuildFile; fileRef = 9D7933A51F07A50B00135D46 /* P1040808.jpg */; };
		9D9011D524E90A2A0013980D /* BouncingBallViewController.swift in Sources */ = {isa = PBXBuildFile; fileRef = 9D9011D424E90A2A0013980D /* BouncingBallViewController.swift */; };
		9DC86E1B24265F0A009C598C /* AppDelegate.swift in Sources */ = {isa = PBXBuildFile; fileRef = 9DC86E1A24265F0A009C598C /* AppDelegate.swift */; };
		9DC9C29524B8248900A08AB9 /* SketchViewController.swift in Sources */ = {isa = PBXBuildFile; fileRef = 9DC9C29424B8248900A08AB9 /* SketchViewController.swift */; };
		E05B8C8B23B0745B0040C1DF /* CameraViewController.swift in Sources */ = {isa = PBXBuildFile; fileRef = E05B8C8A23B0745B0040C1DF /* CameraViewController.swift */; };
		E05B8C8F23B0BD390040C1DF /* VideoIO in Frameworks */ = {isa = PBXBuildFile; productRef = E05B8C8E23B0BD390040C1DF /* VideoIO */; };
		EE4A930421523A5100B3006A /* BlendModeViewController.m in Sources */ = {isa = PBXBuildFile; fileRef = EE4A930321523A5100B3006A /* BlendModeViewController.m */; };
/* End PBXBuildFile section */

/* Begin PBXFileReference section */
		06461E26239A43E200D5F588 /* ChainableAPIViewController.swift */ = {isa = PBXFileReference; lastKnownFileType = sourcecode.swift; path = ChainableAPIViewController.swift; sourceTree = "<group>"; };
		06A3200D23AB8AD600A5EA59 /* Alert.swift */ = {isa = PBXFileReference; fileEncoding = 4; lastKnownFileType = sourcecode.swift; path = Alert.swift; sourceTree = "<group>"; };
		06AD314A1F9463B100AAAF35 /* README.md */ = {isa = PBXFileReference; lastKnownFileType = net.daringfireball.markdown; path = README.md; sourceTree = "<group>"; };
		06BC557923AB43350098C308 /* VideoProcessorViewController.swift */ = {isa = PBXFileReference; lastKnownFileType = sourcecode.swift; path = VideoProcessorViewController.swift; sourceTree = "<group>"; };
		06D668BB1F989C070091A8A8 /* LICENSE.md */ = {isa = PBXFileReference; lastKnownFileType = net.daringfireball.markdown; path = LICENSE.md; sourceTree = "<group>"; };
		06D7F6C922228C0400B02D3D /* art.scnassets */ = {isa = PBXFileReference; lastKnownFileType = wrapper.scnassets; path = art.scnassets; sourceTree = "<group>"; };
		06D7F6CB22228C1800B02D3D /* SceneKitViewController.swift */ = {isa = PBXFileReference; lastKnownFileType = sourcecode.swift; path = SceneKitViewController.swift; sourceTree = "<group>"; };
		06F9F6CB21FC389B00AD9955 /* TripleBufferingViewController.swift */ = {isa = PBXFileReference; lastKnownFileType = sourcecode.swift; path = TripleBufferingViewController.swift; sourceTree = "<group>"; };
		06F9F6CD21FC3A4800AD9955 /* Shaders.metal */ = {isa = PBXFileReference; lastKnownFileType = sourcecode.metal; path = Shaders.metal; sourceTree = "<group>"; };
		0A8FE4D1B0592FC3147A79BB /* Pods-MetalPetalDemo.debug.xcconfig */ = {isa = PBXFileReference; includeInIndex = 1; lastKnownFileType = text.xcconfig; name = "Pods-MetalPetalDemo.debug.xcconfig"; path = "Pods/Target Support Files/Pods-MetalPetalDemo/Pods-MetalPetalDemo.debug.xcconfig"; sourceTree = "<group>"; };
		0D6DB7180D5EAD8BDBE12762 /* Pods_MetalPetalDemo.framework */ = {isa = PBXFileReference; explicitFileType = wrapper.framework; includeInIndex = 0; path = Pods_MetalPetalDemo.framework; sourceTree = BUILT_PRODUCTS_DIR; };
		9D3928A91EFF678800BA6B09 /* MetalPetalDemo.app */ = {isa = PBXFileReference; explicitFileType = wrapper.application; includeInIndex = 0; path = MetalPetalDemo.app; sourceTree = BUILT_PRODUCTS_DIR; };
		9D3928B21EFF678800BA6B09 /* ImageRendererViewController.h */ = {isa = PBXFileReference; lastKnownFileType = sourcecode.c.h; path = ImageRendererViewController.h; sourceTree = "<group>"; };
		9D3928B31EFF678800BA6B09 /* ImageRendererViewController.m */ = {isa = PBXFileReference; lastKnownFileType = sourcecode.c.objc; path = ImageRendererViewController.m; sourceTree = "<group>"; };
		9D3928B61EFF678800BA6B09 /* Base */ = {isa = PBXFileReference; lastKnownFileType = file.storyboard; name = Base; path = Base.lproj/Main.storyboard; sourceTree = "<group>"; };
		9D3928B81EFF678800BA6B09 /* Assets.xcassets */ = {isa = PBXFileReference; lastKnownFileType = folder.assetcatalog; path = Assets.xcassets; sourceTree = "<group>"; };
		9D3928BB1EFF678800BA6B09 /* Base */ = {isa = PBXFileReference; lastKnownFileType = file.storyboard; name = Base; path = Base.lproj/LaunchScreen.storyboard; sourceTree = "<group>"; };
		9D3928BD1EFF678800BA6B09 /* Info.plist */ = {isa = PBXFileReference; lastKnownFileType = text.plist.xml; path = Info.plist; sourceTree = "<group>"; };
		9D7933A51F07A50B00135D46 /* P1040808.jpg */ = {isa = PBXFileReference; lastKnownFileType = image.jpeg; path = P1040808.jpg; sourceTree = "<group>"; };
		9D9011D424E90A2A0013980D /* BouncingBallViewController.swift */ = {isa = PBXFileReference; lastKnownFileType = sourcecode.swift; path = BouncingBallViewController.swift; sourceTree = "<group>"; };
		9D9011D624E924CE0013980D /* BouncingBallTypes.h */ = {isa = PBXFileReference; lastKnownFileType = sourcecode.c.h; path = BouncingBallTypes.h; sourceTree = "<group>"; };
		9D9011D724E925A80013980D /* BridgingHeader.h */ = {isa = PBXFileReference; lastKnownFileType = sourcecode.c.h; path = BridgingHeader.h; sourceTree = "<group>"; };
		9DC86E1A24265F0A009C598C /* AppDelegate.swift */ = {isa = PBXFileReference; lastKnownFileType = sourcecode.swift; path = AppDelegate.swift; sourceTree = "<group>"; };
		9DC9C29424B8248900A08AB9 /* SketchViewController.swift */ = {isa = PBXFileReference; lastKnownFileType = sourcecode.swift; path = SketchViewController.swift; sourceTree = "<group>"; };
		B229668FC69FBAADA2694A4C /* Pods-MetalPetalDemo.release.xcconfig */ = {isa = PBXFileReference; includeInIndex = 1; lastKnownFileType = text.xcconfig; name = "Pods-MetalPetalDemo.release.xcconfig"; path = "Pods/Target Support Files/Pods-MetalPetalDemo/Pods-MetalPetalDemo.release.xcconfig"; sourceTree = "<group>"; };
		E05B8C8A23B0745B0040C1DF /* CameraViewController.swift */ = {isa = PBXFileReference; lastKnownFileType = sourcecode.swift; path = CameraViewController.swift; sourceTree = "<group>"; };
		EE4A930221523A5100B3006A /* BlendModeViewController.h */ = {isa = PBXFileReference; lastKnownFileType = sourcecode.c.h; path = BlendModeViewController.h; sourceTree = "<group>"; };
		EE4A930321523A5100B3006A /* BlendModeViewController.m */ = {isa = PBXFileReference; lastKnownFileType = sourcecode.c.objc; path = BlendModeViewController.m; sourceTree = "<group>"; };
/* End PBXFileReference section */

/* Begin PBXFrameworksBuildPhase section */
		9D3928A61EFF678800BA6B09 /* Frameworks */ = {
			isa = PBXFrameworksBuildPhase;
			buildActionMask = 2147483647;
			files = (
				E05B8C8F23B0BD390040C1DF /* VideoIO in Frameworks */,
				7A35DF9C9E924BD93DCE1706 /* Pods_MetalPetalDemo.framework in Frameworks */,
			);
			runOnlyForDeploymentPostprocessing = 0;
		};
/* End PBXFrameworksBuildPhase section */

/* Begin PBXGroup section */
		06900953217F0D7A007219E1 /* DemoSupport */ = {
			isa = PBXGroup;
			children = (
				06A3200D23AB8AD600A5EA59 /* Alert.swift */,
				9DC86E1A24265F0A009C598C /* AppDelegate.swift */,
				9D9011D724E925A80013980D /* BridgingHeader.h */,
			);
			name = DemoSupport;
			sourceTree = "<group>";
		};
		1613C7A74FF007BF1C17A81A /* Pods */ = {
			isa = PBXGroup;
			children = (
				0A8FE4D1B0592FC3147A79BB /* Pods-MetalPetalDemo.debug.xcconfig */,
				B229668FC69FBAADA2694A4C /* Pods-MetalPetalDemo.release.xcconfig */,
			);
			name = Pods;
			sourceTree = "<group>";
		};
		9D3928A01EFF678800BA6B09 = {
			isa = PBXGroup;
			children = (
				06AD314A1F9463B100AAAF35 /* README.md */,
				9D3928AB1EFF678800BA6B09 /* MetalPetalDemo */,
				9D3928AA1EFF678800BA6B09 /* Products */,
				1613C7A74FF007BF1C17A81A /* Pods */,
				FED30F78E5F2D6FC9913BEDA /* Frameworks */,
			);
			sourceTree = "<group>";
		};
		9D3928AA1EFF678800BA6B09 /* Products */ = {
			isa = PBXGroup;
			children = (
				9D3928A91EFF678800BA6B09 /* MetalPetalDemo.app */,
			);
			name = Products;
			sourceTree = "<group>";
		};
		9D3928AB1EFF678800BA6B09 /* MetalPetalDemo */ = {
			isa = PBXGroup;
			children = (
				9D3928B21EFF678800BA6B09 /* ImageRendererViewController.h */,
				9D3928B31EFF678800BA6B09 /* ImageRendererViewController.m */,
				EE4A930221523A5100B3006A /* BlendModeViewController.h */,
				EE4A930321523A5100B3006A /* BlendModeViewController.m */,
				06D7F6CB22228C1800B02D3D /* SceneKitViewController.swift */,
				06F9F6CB21FC389B00AD9955 /* TripleBufferingViewController.swift */,
				06461E26239A43E200D5F588 /* ChainableAPIViewController.swift */,
				06BC557923AB43350098C308 /* VideoProcessorViewController.swift */,
				E05B8C8A23B0745B0040C1DF /* CameraViewController.swift */,
				9DC9C29424B8248900A08AB9 /* SketchViewController.swift */,
				9D9011D624E924CE0013980D /* BouncingBallTypes.h */,
				9D9011D424E90A2A0013980D /* BouncingBallViewController.swift */,
				06F9F6CD21FC3A4800AD9955 /* Shaders.metal */,
				9D7933A51F07A50B00135D46 /* P1040808.jpg */,
				06D7F6C922228C0400B02D3D /* art.scnassets */,
				9D3928B81EFF678800BA6B09 /* Assets.xcassets */,
				9D3928B51EFF678800BA6B09 /* Main.storyboard */,
				9D3928BA1EFF678800BA6B09 /* LaunchScreen.storyboard */,
				06D668BB1F989C070091A8A8 /* LICENSE.md */,
				06900953217F0D7A007219E1 /* DemoSupport */,
				9D3928AC1EFF678800BA6B09 /* Supporting Files */,
			);
			path = MetalPetalDemo;
			sourceTree = "<group>";
		};
		9D3928AC1EFF678800BA6B09 /* Supporting Files */ = {
			isa = PBXGroup;
			children = (
				9D3928BD1EFF678800BA6B09 /* Info.plist */,
			);
			name = "Supporting Files";
			sourceTree = "<group>";
		};
		FED30F78E5F2D6FC9913BEDA /* Frameworks */ = {
			isa = PBXGroup;
			children = (
				0D6DB7180D5EAD8BDBE12762 /* Pods_MetalPetalDemo.framework */,
			);
			name = Frameworks;
			sourceTree = "<group>";
		};
/* End PBXGroup section */

/* Begin PBXNativeTarget section */
		9D3928A81EFF678800BA6B09 /* MetalPetalDemo */ = {
			isa = PBXNativeTarget;
			buildConfigurationList = 9D3928C01EFF678800BA6B09 /* Build configuration list for PBXNativeTarget "MetalPetalDemo" */;
			buildPhases = (
				F480C99ECF24128A64CF0E82 /* [CP] Check Pods Manifest.lock */,
				9D3928A51EFF678800BA6B09 /* Sources */,
				9D3928A61EFF678800BA6B09 /* Frameworks */,
				9D3928A71EFF678800BA6B09 /* Resources */,
				AA0599CC4E8484835B5D9123 /* [CP] Embed Pods Frameworks */,
			);
			buildRules = (
			);
			dependencies = (
			);
			name = MetalPetalDemo;
			packageProductDependencies = (
				E05B8C8E23B0BD390040C1DF /* VideoIO */,
			);
			productName = MetalPetalDemo;
			productReference = 9D3928A91EFF678800BA6B09 /* MetalPetalDemo.app */;
			productType = "com.apple.product-type.application";
		};
/* End PBXNativeTarget section */

/* Begin PBXProject section */
		9D3928A11EFF678800BA6B09 /* Project object */ = {
			isa = PBXProject;
			attributes = {
				LastUpgradeCheck = 1020;
				ORGANIZATIONNAME = MetalPetal;
				TargetAttributes = {
					9D3928A81EFF678800BA6B09 = {
						CreatedOnToolsVersion = 8.3.3;
						LastSwiftMigration = 1020;
						ProvisioningStyle = Automatic;
					};
				};
			};
			buildConfigurationList = 9D3928A41EFF678800BA6B09 /* Build configuration list for PBXProject "MetalPetalDemo" */;
			compatibilityVersion = "Xcode 3.2";
			developmentRegion = en;
			hasScannedForEncodings = 0;
			knownRegions = (
				en,
				Base,
			);
			mainGroup = 9D3928A01EFF678800BA6B09;
			packageReferences = (
				E05B8C8D23B0BD390040C1DF /* XCRemoteSwiftPackageReference "VideoIO" */,
			);
			productRefGroup = 9D3928AA1EFF678800BA6B09 /* Products */;
			projectDirPath = "";
			projectRoot = "";
			targets = (
				9D3928A81EFF678800BA6B09 /* MetalPetalDemo */,
			);
		};
/* End PBXProject section */

/* Begin PBXResourcesBuildPhase section */
		9D3928A71EFF678800BA6B09 /* Resources */ = {
			isa = PBXResourcesBuildPhase;
			buildActionMask = 2147483647;
			files = (
				9D3928BC1EFF678800BA6B09 /* LaunchScreen.storyboard in Resources */,
				9D3928B91EFF678800BA6B09 /* Assets.xcassets in Resources */,
				06D7F6CA22228C0400B02D3D /* art.scnassets in Resources */,
				9D7933A61F07A50B00135D46 /* P1040808.jpg in Resources */,
				9D3928B71EFF678800BA6B09 /* Main.storyboard in Resources */,
			);
			runOnlyForDeploymentPostprocessing = 0;
		};
/* End PBXResourcesBuildPhase section */

/* Begin PBXShellScriptBuildPhase section */
		AA0599CC4E8484835B5D9123 /* [CP] Embed Pods Frameworks */ = {
			isa = PBXShellScriptBuildPhase;
			buildActionMask = 2147483647;
			files = (
			);
			inputFileListPaths = (
				"${PODS_ROOT}/Target Support Files/Pods-MetalPetalDemo/Pods-MetalPetalDemo-frameworks-${CONFIGURATION}-input-files.xcfilelist",
			);
			name = "[CP] Embed Pods Frameworks";
			outputFileListPaths = (
				"${PODS_ROOT}/Target Support Files/Pods-MetalPetalDemo/Pods-MetalPetalDemo-frameworks-${CONFIGURATION}-output-files.xcfilelist",
			);
			runOnlyForDeploymentPostprocessing = 0;
			shellPath = /bin/sh;
			shellScript = "\"${PODS_ROOT}/Target Support Files/Pods-MetalPetalDemo/Pods-MetalPetalDemo-frameworks.sh\"\n";
			showEnvVarsInLog = 0;
		};
		F480C99ECF24128A64CF0E82 /* [CP] Check Pods Manifest.lock */ = {
			isa = PBXShellScriptBuildPhase;
			buildActionMask = 2147483647;
			files = (
			);
			inputPaths = (
				"${PODS_PODFILE_DIR_PATH}/Podfile.lock",
				"${PODS_ROOT}/Manifest.lock",
			);
			name = "[CP] Check Pods Manifest.lock";
			outputPaths = (
				"$(DERIVED_FILE_DIR)/Pods-MetalPetalDemo-checkManifestLockResult.txt",
			);
			runOnlyForDeploymentPostprocessing = 0;
			shellPath = /bin/sh;
			shellScript = "diff \"${PODS_PODFILE_DIR_PATH}/Podfile.lock\" \"${PODS_ROOT}/Manifest.lock\" > /dev/null\nif [ $? != 0 ] ; then\n    # print error to STDERR\n    echo \"error: The sandbox is not in sync with the Podfile.lock. Run 'pod install' or update your CocoaPods installation.\" >&2\n    exit 1\nfi\n# This output is used by Xcode 'outputs' to avoid re-running this script phase.\necho \"SUCCESS\" > \"${SCRIPT_OUTPUT_FILE_0}\"\n";
			showEnvVarsInLog = 0;
		};
/* End PBXShellScriptBuildPhase section */

/* Begin PBXSourcesBuildPhase section */
		9D3928A51EFF678800BA6B09 /* Sources */ = {
			isa = PBXSourcesBuildPhase;
			buildActionMask = 2147483647;
			files = (
				9DC86E1B24265F0A009C598C /* AppDelegate.swift in Sources */,
				9D3928B41EFF678800BA6B09 /* ImageRendererViewController.m in Sources */,
				E05B8C8B23B0745B0040C1DF /* CameraViewController.swift in Sources */,
				06461E27239A43E200D5F588 /* ChainableAPIViewController.swift in Sources */,
				06D7F6CC22228C1800B02D3D /* SceneKitViewController.swift in Sources */,
				06A3200E23AB8AD600A5EA59 /* Alert.swift in Sources */,
				06F9F6CE21FC3A4800AD9955 /* Shaders.metal in Sources */,
				06BC557A23AB43350098C308 /* VideoProcessorViewController.swift in Sources */,
				9D9011D524E90A2A0013980D /* BouncingBallViewController.swift in Sources */,
				9DC9C29524B8248900A08AB9 /* SketchViewController.swift in Sources */,
				EE4A930421523A5100B3006A /* BlendModeViewController.m in Sources */,
				06F9F6CC21FC389B00AD9955 /* TripleBufferingViewController.swift in Sources */,
			);
			runOnlyForDeploymentPostprocessing = 0;
		};
/* End PBXSourcesBuildPhase section */

/* Begin PBXVariantGroup section */
		9D3928B51EFF678800BA6B09 /* Main.storyboard */ = {
			isa = PBXVariantGroup;
			children = (
				9D3928B61EFF678800BA6B09 /* Base */,
			);
			name = Main.storyboard;
			sourceTree = "<group>";
		};
		9D3928BA1EFF678800BA6B09 /* LaunchScreen.storyboard */ = {
			isa = PBXVariantGroup;
			children = (
				9D3928BB1EFF678800BA6B09 /* Base */,
			);
			name = LaunchScreen.storyboard;
			sourceTree = "<group>";
		};
/* End PBXVariantGroup section */

/* Begin XCBuildConfiguration section */
		9D3928BE1EFF678800BA6B09 /* Debug */ = {
			isa = XCBuildConfiguration;
			buildSettings = {
				ALWAYS_SEARCH_USER_PATHS = NO;
				CLANG_ANALYZER_LOCALIZABILITY_NONLOCALIZED = YES;
				CLANG_ANALYZER_NONNULL = YES;
				CLANG_ANALYZER_NUMBER_OBJECT_CONVERSION = YES_AGGRESSIVE;
				CLANG_ANALYZER_SECURITY_FLOATLOOPCOUNTER = YES;
				CLANG_CXX_LANGUAGE_STANDARD = "gnu++0x";
				CLANG_CXX_LIBRARY = "libc++";
				CLANG_ENABLE_MODULES = YES;
				CLANG_ENABLE_OBJC_ARC = YES;
				CLANG_STATIC_ANALYZER_MODE = deep;
				CLANG_WARN_ASSIGN_ENUM = YES;
				CLANG_WARN_BLOCK_CAPTURE_AUTORELEASING = YES;
				CLANG_WARN_BOOL_CONVERSION = YES;
				CLANG_WARN_COMMA = YES;
				CLANG_WARN_CONSTANT_CONVERSION = YES;
				CLANG_WARN_DEPRECATED_OBJC_IMPLEMENTATIONS = YES;
				CLANG_WARN_DIRECT_OBJC_ISA_USAGE = YES_ERROR;
				CLANG_WARN_DOCUMENTATION_COMMENTS = YES;
				CLANG_WARN_EMPTY_BODY = YES;
				CLANG_WARN_ENUM_CONVERSION = YES;
				CLANG_WARN_IMPLICIT_SIGN_CONVERSION = YES;
				CLANG_WARN_INFINITE_RECURSION = YES;
				CLANG_WARN_INT_CONVERSION = YES;
				CLANG_WARN_NON_LITERAL_NULL_CONVERSION = YES;
				CLANG_WARN_OBJC_IMPLICIT_RETAIN_SELF = YES;
				CLANG_WARN_OBJC_LITERAL_CONVERSION = YES;
				CLANG_WARN_OBJC_ROOT_CLASS = YES_ERROR;
				CLANG_WARN_RANGE_LOOP_ANALYSIS = YES;
				CLANG_WARN_STRICT_PROTOTYPES = YES;
				CLANG_WARN_SUSPICIOUS_MOVE = YES;
				CLANG_WARN_UNGUARDED_AVAILABILITY = YES_AGGRESSIVE;
				CLANG_WARN_UNREACHABLE_CODE = YES;
				CLANG_WARN__DUPLICATE_METHOD_MATCH = YES;
				"CODE_SIGN_IDENTITY[sdk=iphoneos*]" = "iPhone Developer";
				COPY_PHASE_STRIP = NO;
				DEBUG_INFORMATION_FORMAT = "dwarf-with-dsym";
				ENABLE_STRICT_OBJC_MSGSEND = YES;
				ENABLE_TESTABILITY = YES;
				GCC_C_LANGUAGE_STANDARD = gnu99;
				GCC_DYNAMIC_NO_PIC = NO;
				GCC_NO_COMMON_BLOCKS = YES;
				GCC_OPTIMIZATION_LEVEL = 0;
				GCC_PREPROCESSOR_DEFINITIONS = (
					"DEBUG=1",
					"$(inherited)",
				);
				GCC_TREAT_IMPLICIT_FUNCTION_DECLARATIONS_AS_ERRORS = YES;
				GCC_TREAT_INCOMPATIBLE_POINTER_TYPE_WARNINGS_AS_ERRORS = YES;
				GCC_WARN_64_TO_32_BIT_CONVERSION = YES;
				GCC_WARN_ABOUT_MISSING_FIELD_INITIALIZERS = YES;
				GCC_WARN_ABOUT_MISSING_PROTOTYPES = YES;
				GCC_WARN_ABOUT_RETURN_TYPE = YES_ERROR;
				GCC_WARN_SIGN_COMPARE = YES;
				GCC_WARN_UNDECLARED_SELECTOR = YES;
				GCC_WARN_UNINITIALIZED_AUTOS = YES_AGGRESSIVE;
				GCC_WARN_UNKNOWN_PRAGMAS = YES;
				GCC_WARN_UNUSED_FUNCTION = YES;
				GCC_WARN_UNUSED_VARIABLE = YES;
				IPHONEOS_DEPLOYMENT_TARGET = 11.0;
				MTL_ENABLE_DEBUG_INFO = YES;
				ONLY_ACTIVE_ARCH = YES;
				RUN_CLANG_STATIC_ANALYZER = YES;
				SDKROOT = iphoneos;
				TARGETED_DEVICE_FAMILY = "1,2";
			};
			name = Debug;
		};
		9D3928BF1EFF678800BA6B09 /* Release */ = {
			isa = XCBuildConfiguration;
			buildSettings = {
				ALWAYS_SEARCH_USER_PATHS = NO;
				CLANG_ANALYZER_LOCALIZABILITY_NONLOCALIZED = YES;
				CLANG_ANALYZER_NONNULL = YES;
				CLANG_ANALYZER_NUMBER_OBJECT_CONVERSION = YES_AGGRESSIVE;
				CLANG_ANALYZER_SECURITY_FLOATLOOPCOUNTER = YES;
				CLANG_CXX_LANGUAGE_STANDARD = "gnu++0x";
				CLANG_CXX_LIBRARY = "libc++";
				CLANG_ENABLE_MODULES = YES;
				CLANG_ENABLE_OBJC_ARC = YES;
				CLANG_STATIC_ANALYZER_MODE = deep;
				CLANG_WARN_ASSIGN_ENUM = YES;
				CLANG_WARN_BLOCK_CAPTURE_AUTORELEASING = YES;
				CLANG_WARN_BOOL_CONVERSION = YES;
				CLANG_WARN_COMMA = YES;
				CLANG_WARN_CONSTANT_CONVERSION = YES;
				CLANG_WARN_DEPRECATED_OBJC_IMPLEMENTATIONS = YES;
				CLANG_WARN_DIRECT_OBJC_ISA_USAGE = YES_ERROR;
				CLANG_WARN_DOCUMENTATION_COMMENTS = YES;
				CLANG_WARN_EMPTY_BODY = YES;
				CLANG_WARN_ENUM_CONVERSION = YES;
				CLANG_WARN_IMPLICIT_SIGN_CONVERSION = YES;
				CLANG_WARN_INFINITE_RECURSION = YES;
				CLANG_WARN_INT_CONVERSION = YES;
				CLANG_WARN_NON_LITERAL_NULL_CONVERSION = YES;
				CLANG_WARN_OBJC_IMPLICIT_RETAIN_SELF = YES;
				CLANG_WARN_OBJC_LITERAL_CONVERSION = YES;
				CLANG_WARN_OBJC_ROOT_CLASS = YES_ERROR;
				CLANG_WARN_RANGE_LOOP_ANALYSIS = YES;
				CLANG_WARN_STRICT_PROTOTYPES = YES;
				CLANG_WARN_SUSPICIOUS_MOVE = YES;
				CLANG_WARN_UNGUARDED_AVAILABILITY = YES_AGGRESSIVE;
				CLANG_WARN_UNREACHABLE_CODE = YES;
				CLANG_WARN__DUPLICATE_METHOD_MATCH = YES;
				"CODE_SIGN_IDENTITY[sdk=iphoneos*]" = "iPhone Developer";
				COPY_PHASE_STRIP = NO;
				DEBUG_INFORMATION_FORMAT = "dwarf-with-dsym";
				ENABLE_NS_ASSERTIONS = NO;
				ENABLE_STRICT_OBJC_MSGSEND = YES;
				GCC_C_LANGUAGE_STANDARD = gnu99;
				GCC_NO_COMMON_BLOCKS = YES;
				GCC_TREAT_IMPLICIT_FUNCTION_DECLARATIONS_AS_ERRORS = YES;
				GCC_TREAT_INCOMPATIBLE_POINTER_TYPE_WARNINGS_AS_ERRORS = YES;
				GCC_WARN_64_TO_32_BIT_CONVERSION = YES;
				GCC_WARN_ABOUT_MISSING_FIELD_INITIALIZERS = YES;
				GCC_WARN_ABOUT_MISSING_PROTOTYPES = YES;
				GCC_WARN_ABOUT_RETURN_TYPE = YES_ERROR;
				GCC_WARN_SIGN_COMPARE = YES;
				GCC_WARN_UNDECLARED_SELECTOR = YES;
				GCC_WARN_UNINITIALIZED_AUTOS = YES_AGGRESSIVE;
				GCC_WARN_UNKNOWN_PRAGMAS = YES;
				GCC_WARN_UNUSED_FUNCTION = YES;
				GCC_WARN_UNUSED_VARIABLE = YES;
				IPHONEOS_DEPLOYMENT_TARGET = 11.0;
				MTL_ENABLE_DEBUG_INFO = NO;
				RUN_CLANG_STATIC_ANALYZER = YES;
				SDKROOT = iphoneos;
				SWIFT_COMPILATION_MODE = wholemodule;
				SWIFT_OPTIMIZATION_LEVEL = "-O";
				TARGETED_DEVICE_FAMILY = "1,2";
				VALIDATE_PRODUCT = YES;
			};
			name = Release;
		};
		9D3928C11EFF678800BA6B09 /* Debug */ = {
			isa = XCBuildConfiguration;
			baseConfigurationReference = 0A8FE4D1B0592FC3147A79BB /* Pods-MetalPetalDemo.debug.xcconfig */;
			buildSettings = {
				ASSETCATALOG_COMPILER_APPICON_NAME = AppIcon;
				CLANG_ENABLE_MODULES = YES;
				DEVELOPMENT_TEAM = 7GQ27J5PRU;
				INFOPLIST_FILE = MetalPetalDemo/Info.plist;
				LD_RUNPATH_SEARCH_PATHS = (
					"$(inherited)",
					"@executable_path/Frameworks",
				);
				MTL_HEADER_SEARCH_PATHS = "${PODS_CONFIGURATION_BUILD_DIR}/MetalPetal/MetalPetal.framework/Headers";
				PRODUCT_BUNDLE_IDENTIFIER = com.metalpetal.MetalPetalDemo;
				PRODUCT_NAME = "$(TARGET_NAME)";
				SWIFT_OBJC_BRIDGING_HEADER = MetalPetalDemo/BridgingHeader.h;
				SWIFT_OPTIMIZATION_LEVEL = "-Onone";
				SWIFT_VERSION = 5.0;
			};
			name = Debug;
		};
		9D3928C21EFF678800BA6B09 /* Release */ = {
			isa = XCBuildConfiguration;
			baseConfigurationReference = B229668FC69FBAADA2694A4C /* Pods-MetalPetalDemo.release.xcconfig */;
			buildSettings = {
				ASSETCATALOG_COMPILER_APPICON_NAME = AppIcon;
				CLANG_ENABLE_MODULES = YES;
				DEVELOPMENT_TEAM = 7GQ27J5PRU;
				INFOPLIST_FILE = MetalPetalDemo/Info.plist;
				LD_RUNPATH_SEARCH_PATHS = (
					"$(inherited)",
					"@executable_path/Frameworks",
				);
				MTL_HEADER_SEARCH_PATHS = "${PODS_CONFIGURATION_BUILD_DIR}/MetalPetal/MetalPetal.framework/Headers";
				PRODUCT_BUNDLE_IDENTIFIER = com.metalpetal.MetalPetalDemo;
				PRODUCT_NAME = "$(TARGET_NAME)";
				SWIFT_OBJC_BRIDGING_HEADER = MetalPetalDemo/BridgingHeader.h;
				SWIFT_VERSION = 5.0;
			};
			name = Release;
		};
/* End XCBuildConfiguration section */

/* Begin XCConfigurationList section */
		9D3928A41EFF678800BA6B09 /* Build configuration list for PBXProject "MetalPetalDemo" */ = {
			isa = XCConfigurationList;
			buildConfigurations = (
				9D3928BE1EFF678800BA6B09 /* Debug */,
				9D3928BF1EFF678800BA6B09 /* Release */,
			);
			defaultConfigurationIsVisible = 0;
			defaultConfigurationName = Release;
		};
		9D3928C01EFF678800BA6B09 /* Build configuration list for PBXNativeTarget "MetalPetalDemo" */ = {
			isa = XCConfigurationList;
			buildConfigurations = (
				9D3928C11EFF678800BA6B09 /* Debug */,
				9D3928C21EFF678800BA6B09 /* Release */,
			);
			defaultConfigurationIsVisible = 0;
			defaultConfigurationName = Release;
		};
/* End XCConfigurationList section */

/* Begin XCRemoteSwiftPackageReference section */
		E05B8C8D23B0BD390040C1DF /* XCRemoteSwiftPackageReference "VideoIO" */ = {
			isa = XCRemoteSwiftPackageReference;
			repositoryURL = "https://github.com/MetalPetal/VideoIO.git";
			requirement = {
				branch = master;
				kind = branch;
			};
		};
/* End XCRemoteSwiftPackageReference section */

/* Begin XCSwiftPackageProductDependency section */
		E05B8C8E23B0BD390040C1DF /* VideoIO */ = {
			isa = XCSwiftPackageProductDependency;
			package = E05B8C8D23B0BD390040C1DF /* XCRemoteSwiftPackageReference "VideoIO" */;
			productName = VideoIO;
		};
/* End XCSwiftPackageProductDependency section */
	};
	rootObject = 9D3928A11EFF678800BA6B09 /* Project object */;
}
