{
  "object": {
    "pins": [
      {
        "package": "VideoIO",
        "repositoryURL": "https://github.com/MetalPetal/VideoIO.git",
        "state": {
          "branch": "master",
          "revision": "d8a4ee238d82ff216f3bf13dac2845faedb6f34e",
          "version": null
        }
      }
    ]
  },
  "version": 1
}
