{
  "object": {
    "pins": [
      {
        "package": "SIMDType",
        "repositoryURL": "https://github.com/MetalPetal/SIMDType",
        "state": {
          "branch": "master",
          "revision": "707ea53ee6142023e2d83490a64212a10c94f3b1",
          "version": null
        }
      }
    ]
  },
  "version": 1
}
