{
  "object": {
    "pins": [
      {
        "package": "VideoIO",
        "repositoryURL": "https://github.com/MetalPetal/VideoIO",
        "state": {
          "branch": null,
          "revision": "b3fcb5b9209a499811f34c38e41089900393976a",
          "version": "2.0.3"
        }
      }
    ]
  },
  "version": 1
}
