{
  "object": {
    "pins": [
      {
        "package": "VideoIO",
        "repositoryURL": "https://github.com/MetalPetal/VideoIO",
        "state": {
          "branch": null,
          "revision": "ef9face95989a89a8425561b30d3e45d4b47c354",
          "version": "2.0.1"
        }
      }
    ]
  },
  "version": 1
}
